// !$*UTF8*$!
{
	archiveVersion = 1;
	classes = {
	};
	objectVersion = 51;
	objects = {

/* Begin PBXBuildFile section */
		2658AC369C9D7225FC289A5B /* Pods_Parstagram_ParstagramUITests.framework in Frameworks */ = {isa = PBXBuildFile; fileRef = E989F8E51A5B4141E9CC1DBD /* Pods_Parstagram_ParstagramUITests.framework */; };
		396A5FCCAEFDB5D90E446856 /* Pods_ParstagramTests.framework in Frameworks */ = {isa = PBXBuildFile; fileRef = 7450EC606EC8099F3EF9A8CC /* Pods_ParstagramTests.framework */; };
		3BDD6FC30A2898393B72C678 /* Pods_Parstagram.framework in Frameworks */ = {isa = PBXBuildFile; fileRef = 7262C4120C276CE995772194 /* Pods_Parstagram.framework */; };
		BD5A731027275D250045256B /* CommentCell.swift in Sources */ = {isa = PBXBuildFile; fileRef = BD5A730F27275D250045256B /* CommentCell.swift */; };
		BD61831B2720D50F002185A5 /* LoginViewController.swift in Sources */ = {isa = PBXBuildFile; fileRef = BD61831A2720D50F002185A5 /* LoginViewController.swift */; };
		BD61831D2720D58D002185A5 /* FeedViewController.swift in Sources */ = {isa = PBXBuildFile; fileRef = BD61831C2720D58D002185A5 /* FeedViewController.swift */; };
		BD61831F2720E2F6002185A5 /* CameraViewController.swift in Sources */ = {isa = PBXBuildFile; fileRef = BD61831E2720E2F6002185A5 /* CameraViewController.swift */; };
		BD6183212720F1C7002185A5 /* PostCell.swift in Sources */ = {isa = PBXBuildFile; fileRef = BD6183202720F1C7002185A5 /* PostCell.swift */; };
		BD790FB0272006340043EBBA /* AppDelegate.swift in Sources */ = {isa = PBXBuildFile; fileRef = BD790FAF272006340043EBBA /* AppDelegate.swift */; };
		BD790FB2272006340043EBBA /* SceneDelegate.swift in Sources */ = {isa = PBXBuildFile; fileRef = BD790FB1272006340043EBBA /* SceneDelegate.swift */; };
		BD790FB7272006340043EBBA /* Main.storyboard in Resources */ = {isa = PBXBuildFile; fileRef = BD790FB5272006340043EBBA /* Main.storyboard */; };
		BD790FB9272006350043EBBA /* Assets.xcassets in Resources */ = {isa = PBXBuildFile; fileRef = BD790FB8272006350043EBBA /* Assets.xcassets */; };
		BD790FBC272006350043EBBA /* LaunchScreen.storyboard in Resources */ = {isa = PBXBuildFile; fileRef = BD790FBA272006350043EBBA /* LaunchScreen.storyboard */; };
		BD790FC7272006350043EBBA /* ParstagramTests.swift in Sources */ = {isa = PBXBuildFile; fileRef = BD790FC6272006350043EBBA /* ParstagramTests.swift */; };
		BD790FD2272006350043EBBA /* ParstagramUITests.swift in Sources */ = {isa = PBXBuildFile; fileRef = BD790FD1272006350043EBBA /* ParstagramUITests.swift */; };
/* End PBXBuildFile section */

/* Begin PBXContainerItemProxy section */
		BD790FC3272006350043EBBA /* PBXContainerItemProxy */ = {
			isa = PBXContainerItemProxy;
			containerPortal = BD790FA4272006340043EBBA /* Project object */;
			proxyType = 1;
			remoteGlobalIDString = BD790FAB272006340043EBBA;
			remoteInfo = Parstagram;
		};
		BD790FCE272006350043EBBA /* PBXContainerItemProxy */ = {
			isa = PBXContainerItemProxy;
			containerPortal = BD790FA4272006340043EBBA /* Project object */;
			proxyType = 1;
			remoteGlobalIDString = BD790FAB272006340043EBBA;
			remoteInfo = Parstagram;
		};
/* End PBXContainerItemProxy section */

/* Begin PBXFileReference section */
		2F32EE31C6499F513FE209FC /* Pods-ParstagramTests.release.xcconfig */ = {isa = PBXFileReference; includeInIndex = 1; lastKnownFileType = text.xcconfig; name = "Pods-ParstagramTests.release.xcconfig"; path = "Target Support Files/Pods-ParstagramTests/Pods-ParstagramTests.release.xcconfig"; sourceTree = "<group>"; };
		6EB3BD819BF8FA8E584A04CB /* Pods-Parstagram.debug.xcconfig */ = {isa = PBXFileReference; includeInIndex = 1; lastKnownFileType = text.xcconfig; name = "Pods-Parstagram.debug.xcconfig"; path = "Target Support Files/Pods-Parstagram/Pods-Parstagram.debug.xcconfig"; sourceTree = "<group>"; };
		7262C4120C276CE995772194 /* Pods_Parstagram.framework */ = {isa = PBXFileReference; explicitFileType = wrapper.framework; includeInIndex = 0; path = Pods_Parstagram.framework; sourceTree = BUILT_PRODUCTS_DIR; };
		7450EC606EC8099F3EF9A8CC /* Pods_ParstagramTests.framework */ = {isa = PBXFileReference; explicitFileType = wrapper.framework; includeInIndex = 0; path = Pods_ParstagramTests.framework; sourceTree = BUILT_PRODUCTS_DIR; };
		99FA49511C865502610521A4 /* Pods-ParstagramTests.debug.xcconfig */ = {isa = PBXFileReference; includeInIndex = 1; lastKnownFileType = text.xcconfig; name = "Pods-ParstagramTests.debug.xcconfig"; path = "Target Support Files/Pods-ParstagramTests/Pods-ParstagramTests.debug.xcconfig"; sourceTree = "<group>"; };
		9D52470E0C94C6A899A3D1BF /* Pods-Parstagram.release.xcconfig */ = {isa = PBXFileReference; includeInIndex = 1; lastKnownFileType = text.xcconfig; name = "Pods-Parstagram.release.xcconfig"; path = "Target Support Files/Pods-Parstagram/Pods-Parstagram.release.xcconfig"; sourceTree = "<group>"; };
		BA3F36D359635DD5EC37596D /* Pods-Parstagram-ParstagramUITests.debug.xcconfig */ = {isa = PBXFileReference; includeInIndex = 1; lastKnownFileType = text.xcconfig; name = "Pods-Parstagram-ParstagramUITests.debug.xcconfig"; path = "Target Support Files/Pods-Parstagram-ParstagramUITests/Pods-Parstagram-ParstagramUITests.debug.xcconfig"; sourceTree = "<group>"; };
		BD5A730F27275D250045256B /* CommentCell.swift */ = {isa = PBXFileReference; lastKnownFileType = sourcecode.swift; path = CommentCell.swift; sourceTree = "<group>"; };
		BD61831A2720D50F002185A5 /* LoginViewController.swift */ = {isa = PBXFileReference; lastKnownFileType = sourcecode.swift; path = LoginViewController.swift; sourceTree = "<group>"; };
		BD61831C2720D58D002185A5 /* FeedViewController.swift */ = {isa = PBXFileReference; lastKnownFileType = sourcecode.swift; path = FeedViewController.swift; sourceTree = "<group>"; };
		BD61831E2720E2F6002185A5 /* CameraViewController.swift */ = {isa = PBXFileReference; lastKnownFileType = sourcecode.swift; path = CameraViewController.swift; sourceTree = "<group>"; };
		BD6183202720F1C7002185A5 /* PostCell.swift */ = {isa = PBXFileReference; lastKnownFileType = sourcecode.swift; path = PostCell.swift; sourceTree = "<group>"; };
		BD790FAC272006340043EBBA /* Parstagram.app */ = {isa = PBXFileReference; explicitFileType = wrapper.application; includeInIndex = 0; path = Parstagram.app; sourceTree = BUILT_PRODUCTS_DIR; };
		BD790FAF272006340043EBBA /* AppDelegate.swift */ = {isa = PBXFileReference; lastKnownFileType = sourcecode.swift; path = AppDelegate.swift; sourceTree = "<group>"; };
		BD790FB1272006340043EBBA /* SceneDelegate.swift */ = {isa = PBXFileReference; lastKnownFileType = sourcecode.swift; path = SceneDelegate.swift; sourceTree = "<group>"; };
		BD790FB6272006340043EBBA /* Base */ = {isa = PBXFileReference; lastKnownFileType = file.storyboard; name = Base; path = Base.lproj/Main.storyboard; sourceTree = "<group>"; };
		BD790FB8272006350043EBBA /* Assets.xcassets */ = {isa = PBXFileReference; lastKnownFileType = folder.assetcatalog; path = Assets.xcassets; sourceTree = "<group>"; };
		BD790FBB272006350043EBBA /* Base */ = {isa = PBXFileReference; lastKnownFileType = file.storyboard; name = Base; path = Base.lproj/LaunchScreen.storyboard; sourceTree = "<group>"; };
		BD790FBD272006350043EBBA /* Info.plist */ = {isa = PBXFileReference; lastKnownFileType = text.plist.xml; path = Info.plist; sourceTree = "<group>"; };
		BD790FC2272006350043EBBA /* ParstagramTests.xctest */ = {isa = PBXFileReference; explicitFileType = wrapper.cfbundle; includeInIndex = 0; path = ParstagramTests.xctest; sourceTree = BUILT_PRODUCTS_DIR; };
		BD790FC6272006350043EBBA /* ParstagramTests.swift */ = {isa = PBXFileReference; lastKnownFileType = sourcecode.swift; path = ParstagramTests.swift; sourceTree = "<group>"; };
		BD790FC8272006350043EBBA /* Info.plist */ = {isa = PBXFileReference; lastKnownFileType = text.plist.xml; path = Info.plist; sourceTree = "<group>"; };
		BD790FCD272006350043EBBA /* ParstagramUITests.xctest */ = {isa = PBXFileReference; explicitFileType = wrapper.cfbundle; includeInIndex = 0; path = ParstagramUITests.xctest; sourceTree = BUILT_PRODUCTS_DIR; };
		BD790FD1272006350043EBBA /* ParstagramUITests.swift */ = {isa = PBXFileReference; lastKnownFileType = sourcecode.swift; path = ParstagramUITests.swift; sourceTree = "<group>"; };
		BD790FD3272006360043EBBA /* Info.plist */ = {isa = PBXFileReference; lastKnownFileType = text.plist.xml; path = Info.plist; sourceTree = "<group>"; };
		CC82E1BDFCF186FCBB8FD83F /* Pods-Parstagram-ParstagramUITests.release.xcconfig */ = {isa = PBXFileReference; includeInIndex = 1; lastKnownFileType = text.xcconfig; name = "Pods-Parstagram-ParstagramUITests.release.xcconfig"; path = "Target Support Files/Pods-Parstagram-ParstagramUITests/Pods-Parstagram-ParstagramUITests.release.xcconfig"; sourceTree = "<group>"; };
		E989F8E51A5B4141E9CC1DBD /* Pods_Parstagram_ParstagramUITests.framework */ = {isa = PBXFileReference; explicitFileType = wrapper.framework; includeInIndex = 0; path = Pods_Parstagram_ParstagramUITests.framework; sourceTree = BUILT_PRODUCTS_DIR; };
/* End PBXFileReference section */

/* Begin PBXFrameworksBuildPhase section */
		BD790FA9272006340043EBBA /* Frameworks */ = {
			isa = PBXFrameworksBuildPhase;
			buildActionMask = 2147483647;
			files = (
				3BDD6FC30A2898393B72C678 /* Pods_Parstagram.framework in Frameworks */,
			);
			runOnlyForDeploymentPostprocessing = 0;
		};
		BD790FBF272006350043EBBA /* Frameworks */ = {
			isa = PBXFrameworksBuildPhase;
			buildActionMask = 2147483647;
			files = (
				396A5FCCAEFDB5D90E446856 /* Pods_ParstagramTests.framework in Frameworks */,
			);
			runOnlyForDeploymentPostprocessing = 0;
		};
		BD790FCA272006350043EBBA /* Frameworks */ = {
			isa = PBXFrameworksBuildPhase;
			buildActionMask = 2147483647;
			files = (
				2658AC369C9D7225FC289A5B /* Pods_Parstagram_ParstagramUITests.framework in Frameworks */,
			);
			runOnlyForDeploymentPostprocessing = 0;
		};
/* End PBXFrameworksBuildPhase section */

/* Begin PBXGroup section */
		1DC91A462D3C3600E25D324C /* Pods */ = {
			isa = PBXGroup;
			children = (
				6EB3BD819BF8FA8E584A04CB /* Pods-Parstagram.debug.xcconfig */,
				9D52470E0C94C6A899A3D1BF /* Pods-Parstagram.release.xcconfig */,
				BA3F36D359635DD5EC37596D /* Pods-Parstagram-ParstagramUITests.debug.xcconfig */,
				CC82E1BDFCF186FCBB8FD83F /* Pods-Parstagram-ParstagramUITests.release.xcconfig */,
				99FA49511C865502610521A4 /* Pods-ParstagramTests.debug.xcconfig */,
				2F32EE31C6499F513FE209FC /* Pods-ParstagramTests.release.xcconfig */,
			);
			path = Pods;
			sourceTree = "<group>";
		};
		8EA69F7E02E8474FDAFB2310 /* Frameworks */ = {
			isa = PBXGroup;
			children = (
				7262C4120C276CE995772194 /* Pods_Parstagram.framework */,
				E989F8E51A5B4141E9CC1DBD /* Pods_Parstagram_ParstagramUITests.framework */,
				7450EC606EC8099F3EF9A8CC /* Pods_ParstagramTests.framework */,
			);
			name = Frameworks;
			sourceTree = "<group>";
		};
		BD790FA3272006340043EBBA = {
			isa = PBXGroup;
			children = (
				BD790FAE272006340043EBBA /* Parstagram */,
				BD790FC5272006350043EBBA /* ParstagramTests */,
				BD790FD0272006350043EBBA /* ParstagramUITests */,
				BD790FAD272006340043EBBA /* Products */,
				1DC91A462D3C3600E25D324C /* Pods */,
				8EA69F7E02E8474FDAFB2310 /* Frameworks */,
			);
			sourceTree = "<group>";
		};
		BD790FAD272006340043EBBA /* Products */ = {
			isa = PBXGroup;
			children = (
				BD790FAC272006340043EBBA /* Parstagram.app */,
				BD790FC2272006350043EBBA /* ParstagramTests.xctest */,
				BD790FCD272006350043EBBA /* ParstagramUITests.xctest */,
			);
			name = Products;
			sourceTree = "<group>";
		};
		BD790FAE272006340043EBBA /* Parstagram */ = {
			isa = PBXGroup;
			children = (
				BD790FAF272006340043EBBA /* AppDelegate.swift */,
				BD790FB1272006340043EBBA /* SceneDelegate.swift */,
				BD790FB5272006340043EBBA /* Main.storyboard */,
				BD5A730F27275D250045256B /* CommentCell.swift */,
				BD6183202720F1C7002185A5 /* PostCell.swift */,
				BD61831E2720E2F6002185A5 /* CameraViewController.swift */,
				BD790FB8272006350043EBBA /* Assets.xcassets */,
				BD790FBA272006350043EBBA /* LaunchScreen.storyboard */,
				BD790FBD272006350043EBBA /* Info.plist */,
				BD61831A2720D50F002185A5 /* LoginViewController.swift */,
				BD61831C2720D58D002185A5 /* FeedViewController.swift */,
			);
			path = Parstagram;
			sourceTree = "<group>";
		};
		BD790FC5272006350043EBBA /* ParstagramTests */ = {
			isa = PBXGroup;
			children = (
				BD790FC6272006350043EBBA /* ParstagramTests.swift */,
				BD790FC8272006350043EBBA /* Info.plist */,
			);
			path = ParstagramTests;
			sourceTree = "<group>";
		};
		BD790FD0272006350043EBBA /* ParstagramUITests */ = {
			isa = PBXGroup;
			children = (
				BD790FD1272006350043EBBA /* ParstagramUITests.swift */,
				BD790FD3272006360043EBBA /* Info.plist */,
			);
			path = ParstagramUITests;
			sourceTree = "<group>";
		};
/* End PBXGroup section */

/* Begin PBXNativeTarget section */
		BD790FAB272006340043EBBA /* Parstagram */ = {
			isa = PBXNativeTarget;
			buildConfigurationList = BD790FD6272006360043EBBA /* Build configuration list for PBXNativeTarget "Parstagram" */;
			buildPhases = (
				CEC56436BE4604F104B7A960 /* [CP] Check Pods Manifest.lock */,
				BD790FA8272006340043EBBA /* Sources */,
				BD790FA9272006340043EBBA /* Frameworks */,
				BD790FAA272006340043EBBA /* Resources */,
				55A92E0A732BF915DAA12FBA /* [CP] Embed Pods Frameworks */,
			);
			buildRules = (
			);
			dependencies = (
			);
			name = Parstagram;
			productName = Parstagram;
			productReference = BD790FAC272006340043EBBA /* Parstagram.app */;
			productType = "com.apple.product-type.application";
		};
		BD790FC1272006350043EBBA /* ParstagramTests */ = {
			isa = PBXNativeTarget;
			buildConfigurationList = BD790FD9272006360043EBBA /* Build configuration list for PBXNativeTarget "ParstagramTests" */;
			buildPhases = (
				ADF69F43BD1DD34BFABCEEA4 /* [CP] Check Pods Manifest.lock */,
				BD790FBE272006350043EBBA /* Sources */,
				BD790FBF272006350043EBBA /* Frameworks */,
				BD790FC0272006350043EBBA /* Resources */,
			);
			buildRules = (
			);
			dependencies = (
				BD790FC4272006350043EBBA /* PBXTargetDependency */,
			);
			name = ParstagramTests;
			productName = ParstagramTests;
			productReference = BD790FC2272006350043EBBA /* ParstagramTests.xctest */;
			productType = "com.apple.product-type.bundle.unit-test";
		};
		BD790FCC272006350043EBBA /* ParstagramUITests */ = {
			isa = PBXNativeTarget;
			buildConfigurationList = BD790FDC272006360043EBBA /* Build configuration list for PBXNativeTarget "ParstagramUITests" */;
			buildPhases = (
				4FF823F1C8F8FDE9021E3726 /* [CP] Check Pods Manifest.lock */,
				BD790FC9272006350043EBBA /* Sources */,
				BD790FCA272006350043EBBA /* Frameworks */,
				BD790FCB272006350043EBBA /* Resources */,
				20B44CACB1C2247AE9CEEDAD /* [CP] Embed Pods Frameworks */,
			);
			buildRules = (
			);
			dependencies = (
				BD790FCF272006350043EBBA /* PBXTargetDependency */,
			);
			name = ParstagramUITests;
			productName = ParstagramUITests;
			productReference = BD790FCD272006350043EBBA /* ParstagramUITests.xctest */;
			productType = "com.apple.product-type.bundle.ui-testing";
		};
/* End PBXNativeTarget section */

/* Begin PBXProject section */
		BD790FA4272006340043EBBA /* Project object */ = {
			isa = PBXProject;
			attributes = {
				LastSwiftUpdateCheck = 1250;
				LastUpgradeCheck = 1250;
				TargetAttributes = {
					BD790FAB272006340043EBBA = {
						CreatedOnToolsVersion = 12.5.1;
					};
					BD790FC1272006350043EBBA = {
						CreatedOnToolsVersion = 12.5.1;
						TestTargetID = BD790FAB272006340043EBBA;
					};
					BD790FCC272006350043EBBA = {
						CreatedOnToolsVersion = 12.5.1;
						TestTargetID = BD790FAB272006340043EBBA;
					};
				};
			};
			buildConfigurationList = BD790FA7272006340043EBBA /* Build configuration list for PBXProject "Parstagram" */;
			compatibilityVersion = "Xcode 9.3";
			developmentRegion = en;
			hasScannedForEncodings = 0;
			knownRegions = (
				en,
				Base,
			);
			mainGroup = BD790FA3272006340043EBBA;
			productRefGroup = BD790FAD272006340043EBBA /* Products */;
			projectDirPath = "";
			projectRoot = "";
			targets = (
				BD790FAB272006340043EBBA /* Parstagram */,
				BD790FC1272006350043EBBA /* ParstagramTests */,
				BD790FCC272006350043EBBA /* ParstagramUITests */,
			);
		};
/* End PBXProject section */

/* Begin PBXResourcesBuildPhase section */
		BD790FAA272006340043EBBA /* Resources */ = {
			isa = PBXResourcesBuildPhase;
			buildActionMask = 2147483647;
			files = (
				BD790FBC272006350043EBBA /* LaunchScreen.storyboard in Resources */,
				BD790FB9272006350043EBBA /* Assets.xcassets in Resources */,
				BD790FB7272006340043EBBA /* Main.storyboard in Resources */,
			);
			runOnlyForDeploymentPostprocessing = 0;
		};
		BD790FC0272006350043EBBA /* Resources */ = {
			isa = PBXResourcesBuildPhase;
			buildActionMask = 2147483647;
			files = (
			);
			runOnlyForDeploymentPostprocessing = 0;
		};
		BD790FCB272006350043EBBA /* Resources */ = {
			isa = PBXResourcesBuildPhase;
			buildActionMask = 2147483647;
			files = (
			);
			runOnlyForDeploymentPostprocessing = 0;
		};
/* End PBXResourcesBuildPhase section */

/* Begin PBXShellScriptBuildPhase section */
		20B44CACB1C2247AE9CEEDAD /* [CP] Embed Pods Frameworks */ = {
			isa = PBXShellScriptBuildPhase;
			buildActionMask = 2147483647;
			files = (
			);
			inputFileListPaths = (
				"${PODS_ROOT}/Target Support Files/Pods-Parstagram-ParstagramUITests/Pods-Parstagram-ParstagramUITests-frameworks-${CONFIGURATION}-input-files.xcfilelist",
			);
			name = "[CP] Embed Pods Frameworks";
			outputFileListPaths = (
				"${PODS_ROOT}/Target Support Files/Pods-Parstagram-ParstagramUITests/Pods-Parstagram-ParstagramUITests-frameworks-${CONFIGURATION}-output-files.xcfilelist",
			);
			runOnlyForDeploymentPostprocessing = 0;
			shellPath = /bin/sh;
			shellScript = "\"${PODS_ROOT}/Target Support Files/Pods-Parstagram-ParstagramUITests/Pods-Parstagram-ParstagramUITests-frameworks.sh\"\n";
			showEnvVarsInLog = 0;
		};
		4FF823F1C8F8FDE9021E3726 /* [CP] Check Pods Manifest.lock */ = {
			isa = PBXShellScriptBuildPhase;
			buildActionMask = 2147483647;
			files = (
			);
			inputFileListPaths = (
			);
			inputPaths = (
				"${PODS_PODFILE_DIR_PATH}/Podfile.lock",
				"${PODS_ROOT}/Manifest.lock",
			);
			name = "[CP] Check Pods Manifest.lock";
			outputFileListPaths = (
			);
			outputPaths = (
				"$(DERIVED_FILE_DIR)/Pods-Parstagram-ParstagramUITests-checkManifestLockResult.txt",
			);
			runOnlyForDeploymentPostprocessing = 0;
			shellPath = /bin/sh;
			shellScript = "diff \"${PODS_PODFILE_DIR_PATH}/Podfile.lock\" \"${PODS_ROOT}/Manifest.lock\" > /dev/null\nif [ $? != 0 ] ; then\n    # print error to STDERR\n    echo \"error: The sandbox is not in sync with the Podfile.lock. Run 'pod install' or update your CocoaPods installation.\" >&2\n    exit 1\nfi\n# This output is used by Xcode 'outputs' to avoid re-running this script phase.\necho \"SUCCESS\" > \"${SCRIPT_OUTPUT_FILE_0}\"\n";
			showEnvVarsInLog = 0;
		};
		55A92E0A732BF915DAA12FBA /* [CP] Embed Pods Frameworks */ = {
			isa = PBXShellScriptBuildPhase;
			buildActionMask = 2147483647;
			files = (
			);
			inputFileListPaths = (
				"${PODS_ROOT}/Target Support Files/Pods-Parstagram/Pods-Parstagram-frameworks-${CONFIGURATION}-input-files.xcfilelist",
			);
			name = "[CP] Embed Pods Frameworks";
			outputFileListPaths = (
				"${PODS_ROOT}/Target Support Files/Pods-Parstagram/Pods-Parstagram-frameworks-${CONFIGURATION}-output-files.xcfilelist",
			);
			runOnlyForDeploymentPostprocessing = 0;
			shellPath = /bin/sh;
			shellScript = "\"${PODS_ROOT}/Target Support Files/Pods-Parstagram/Pods-Parstagram-frameworks.sh\"\n";
			showEnvVarsInLog = 0;
		};
		ADF69F43BD1DD34BFABCEEA4 /* [CP] Check Pods Manifest.lock */ = {
			isa = PBXShellScriptBuildPhase;
			buildActionMask = 2147483647;
			files = (
			);
			inputFileListPaths = (
			);
			inputPaths = (
				"${PODS_PODFILE_DIR_PATH}/Podfile.lock",
				"${PODS_ROOT}/Manifest.lock",
			);
			name = "[CP] Check Pods Manifest.lock";
			outputFileListPaths = (
			);
			outputPaths = (
				"$(DERIVED_FILE_DIR)/Pods-ParstagramTests-checkManifestLockResult.txt",
			);
			runOnlyForDeploymentPostprocessing = 0;
			shellPath = /bin/sh;
			shellScript = "diff \"${PODS_PODFILE_DIR_PATH}/Podfile.lock\" \"${PODS_ROOT}/Manifest.lock\" > /dev/null\nif [ $? != 0 ] ; then\n    # print error to STDERR\n    echo \"error: The sandbox is not in sync with the Podfile.lock. Run 'pod install' or update your CocoaPods installation.\" >&2\n    exit 1\nfi\n# This output is used by Xcode 'outputs' to avoid re-running this script phase.\necho \"SUCCESS\" > \"${SCRIPT_OUTPUT_FILE_0}\"\n";
			showEnvVarsInLog = 0;
		};
		CEC56436BE4604F104B7A960 /* [CP] Check Pods Manifest.lock */ = {
			isa = PBXShellScriptBuildPhase;
			buildActionMask = 2147483647;
			files = (
			);
			inputFileListPaths = (
			);
			inputPaths = (
				"${PODS_PODFILE_DIR_PATH}/Podfile.lock",
				"${PODS_ROOT}/Manifest.lock",
			);
			name = "[CP] Check Pods Manifest.lock";
			outputFileListPaths = (
			);
			outputPaths = (
				"$(DERIVED_FILE_DIR)/Pods-Parstagram-checkManifestLockResult.txt",
			);
			runOnlyForDeploymentPostprocessing = 0;
			shellPath = /bin/sh;
			shellScript = "diff \"${PODS_PODFILE_DIR_PATH}/Podfile.lock\" \"${PODS_ROOT}/Manifest.lock\" > /dev/null\nif [ $? != 0 ] ; then\n    # print error to STDERR\n    echo \"error: The sandbox is not in sync with the Podfile.lock. Run 'pod install' or update your CocoaPods installation.\" >&2\n    exit 1\nfi\n# This output is used by Xcode 'outputs' to avoid re-running this script phase.\necho \"SUCCESS\" > \"${SCRIPT_OUTPUT_FILE_0}\"\n";
			showEnvVarsInLog = 0;
		};
/* End PBXShellScriptBuildPhase section */

/* Begin PBXSourcesBuildPhase section */
		BD790FA8272006340043EBBA /* Sources */ = {
			isa = PBXSourcesBuildPhase;
			buildActionMask = 2147483647;
			files = (
				BD61831B2720D50F002185A5 /* LoginViewController.swift in Sources */,
				BD61831F2720E2F6002185A5 /* CameraViewController.swift in Sources */,
				BD790FB0272006340043EBBA /* AppDelegate.swift in Sources */,
				BD61831D2720D58D002185A5 /* FeedViewController.swift in Sources */,
				BD790FB2272006340043EBBA /* SceneDelegate.swift in Sources */,
				BD6183212720F1C7002185A5 /* PostCell.swift in Sources */,
				BD5A731027275D250045256B /* CommentCell.swift in Sources */,
			);
			runOnlyForDeploymentPostprocessing = 0;
		};
		BD790FBE272006350043EBBA /* Sources */ = {
			isa = PBXSourcesBuildPhase;
			buildActionMask = 2147483647;
			files = (
				BD790FC7272006350043EBBA /* ParstagramTests.swift in Sources */,
			);
			runOnlyForDeploymentPostprocessing = 0;
		};
		BD790FC9272006350043EBBA /* Sources */ = {
			isa = PBXSourcesBuildPhase;
			buildActionMask = 2147483647;
			files = (
				BD790FD2272006350043EBBA /* ParstagramUITests.swift in Sources */,
			);
			runOnlyForDeploymentPostprocessing = 0;
		};
/* End PBXSourcesBuildPhase section */

/* Begin PBXTargetDependency section */
		BD790FC4272006350043EBBA /* PBXTargetDependency */ = {
			isa = PBXTargetDependency;
			target = BD790FAB272006340043EBBA /* Parstagram */;
			targetProxy = BD790FC3272006350043EBBA /* PBXContainerItemProxy */;
		};
		BD790FCF272006350043EBBA /* PBXTargetDependency */ = {
			isa = PBXTargetDependency;
			target = BD790FAB272006340043EBBA /* Parstagram */;
			targetProxy = BD790FCE272006350043EBBA /* PBXContainerItemProxy */;
		};
/* End PBXTargetDependency section */

/* Begin PBXVariantGroup section */
		BD790FB5272006340043EBBA /* Main.storyboard */ = {
			isa = PBXVariantGroup;
			children = (
				BD790FB6272006340043EBBA /* Base */,
			);
			name = Main.storyboard;
			sourceTree = "<group>";
		};
		BD790FBA272006350043EBBA /* LaunchScreen.storyboard */ = {
			isa = PBXVariantGroup;
			children = (
				BD790FBB272006350043EBBA /* Base */,
			);
			name = LaunchScreen.storyboard;
			sourceTree = "<group>";
		};
/* End PBXVariantGroup section */

/* Begin XCBuildConfiguration section */
		BD790FD4272006360043EBBA /* Debug */ = {
			isa = XCBuildConfiguration;
			buildSettings = {
				ALWAYS_SEARCH_USER_PATHS = NO;
				CLANG_ANALYZER_NONNULL = YES;
				CLANG_ANALYZER_NUMBER_OBJECT_CONVERSION = YES_AGGRESSIVE;
				CLANG_CXX_LANGUAGE_STANDARD = "gnu++14";
				CLANG_CXX_LIBRARY = "libc++";
				CLANG_ENABLE_MODULES = YES;
				CLANG_ENABLE_OBJC_ARC = YES;
				CLANG_ENABLE_OBJC_WEAK = YES;
				CLANG_WARN_BLOCK_CAPTURE_AUTORELEASING = YES;
				CLANG_WARN_BOOL_CONVERSION = YES;
				CLANG_WARN_COMMA = YES;
				CLANG_WARN_CONSTANT_CONVERSION = YES;
				CLANG_WARN_DEPRECATED_OBJC_IMPLEMENTATIONS = YES;
				CLANG_WARN_DIRECT_OBJC_ISA_USAGE = YES_ERROR;
				CLANG_WARN_DOCUMENTATION_COMMENTS = YES;
				CLANG_WARN_EMPTY_BODY = YES;
				CLANG_WARN_ENUM_CONVERSION = YES;
				CLANG_WARN_INFINITE_RECURSION = YES;
				CLANG_WARN_INT_CONVERSION = YES;
				CLANG_WARN_NON_LITERAL_NULL_CONVERSION = YES;
				CLANG_WARN_OBJC_IMPLICIT_RETAIN_SELF = YES;
				CLANG_WARN_OBJC_LITERAL_CONVERSION = YES;
				CLANG_WARN_OBJC_ROOT_CLASS = YES_ERROR;
				CLANG_WARN_QUOTED_INCLUDE_IN_FRAMEWORK_HEADER = YES;
				CLANG_WARN_RANGE_LOOP_ANALYSIS = YES;
				CLANG_WARN_STRICT_PROTOTYPES = YES;
				CLANG_WARN_SUSPICIOUS_MOVE = YES;
				CLANG_WARN_UNGUARDED_AVAILABILITY = YES_AGGRESSIVE;
				CLANG_WARN_UNREACHABLE_CODE = YES;
				CLANG_WARN__DUPLICATE_METHOD_MATCH = YES;
				COPY_PHASE_STRIP = NO;
				DEBUG_INFORMATION_FORMAT = dwarf;
				ENABLE_STRICT_OBJC_MSGSEND = YES;
				ENABLE_TESTABILITY = YES;
				GCC_C_LANGUAGE_STANDARD = gnu11;
				GCC_DYNAMIC_NO_PIC = NO;
				GCC_NO_COMMON_BLOCKS = YES;
				GCC_OPTIMIZATION_LEVEL = 0;
				GCC_PREPROCESSOR_DEFINITIONS = (
					"DEBUG=1",
					"$(inherited)",
				);
				GCC_WARN_64_TO_32_BIT_CONVERSION = YES;
				GCC_WARN_ABOUT_RETURN_TYPE = YES_ERROR;
				GCC_WARN_UNDECLARED_SELECTOR = YES;
				GCC_WARN_UNINITIALIZED_AUTOS = YES_AGGRESSIVE;
				GCC_WARN_UNUSED_FUNCTION = YES;
				GCC_WARN_UNUSED_VARIABLE = YES;
				IPHONEOS_DEPLOYMENT_TARGET = 14.5;
				MTL_ENABLE_DEBUG_INFO = INCLUDE_SOURCE;
				MTL_FAST_MATH = YES;
				ONLY_ACTIVE_ARCH = YES;
				SDKROOT = iphoneos;
				SWIFT_ACTIVE_COMPILATION_CONDITIONS = DEBUG;
				SWIFT_OPTIMIZATION_LEVEL = "-Onone";
			};
			name = Debug;
		};
		BD790FD5272006360043EBBA /* Release */ = {
			isa = XCBuildConfiguration;
			buildSettings = {
				ALWAYS_SEARCH_USER_PATHS = NO;
				CLANG_ANALYZER_NONNULL = YES;
				CLANG_ANALYZER_NUMBER_OBJECT_CONVERSION = YES_AGGRESSIVE;
				CLANG_CXX_LANGUAGE_STANDARD = "gnu++14";
				CLANG_CXX_LIBRARY = "libc++";
				CLANG_ENABLE_MODULES = YES;
				CLANG_ENABLE_OBJC_ARC = YES;
				CLANG_ENABLE_OBJC_WEAK = YES;
				CLANG_WARN_BLOCK_CAPTURE_AUTORELEASING = YES;
				CLANG_WARN_BOOL_CONVERSION = YES;
				CLANG_WARN_COMMA = YES;
				CLANG_WARN_CONSTANT_CONVERSION = YES;
				CLANG_WARN_DEPRECATED_OBJC_IMPLEMENTATIONS = YES;
				CLANG_WARN_DIRECT_OBJC_ISA_USAGE = YES_ERROR;
				CLANG_WARN_DOCUMENTATION_COMMENTS = YES;
				CLANG_WARN_EMPTY_BODY = YES;
				CLANG_WARN_ENUM_CONVERSION = YES;
				CLANG_WARN_INFINITE_RECURSION = YES;
				CLANG_WARN_INT_CONVERSION = YES;
				CLANG_WARN_NON_LITERAL_NULL_CONVERSION = YES;
				CLANG_WARN_OBJC_IMPLICIT_RETAIN_SELF = YES;
				CLANG_WARN_OBJC_LITERAL_CONVERSION = YES;
				CLANG_WARN_OBJC_ROOT_CLASS = YES_ERROR;
				CLANG_WARN_QUOTED_INCLUDE_IN_FRAMEWORK_HEADER = YES;
				CLANG_WARN_RANGE_LOOP_ANALYSIS = YES;
				CLANG_WARN_STRICT_PROTOTYPES = YES;
				CLANG_WARN_SUSPICIOUS_MOVE = YES;
				CLANG_WARN_UNGUARDED_AVAILABILITY = YES_AGGRESSIVE;
				CLANG_WARN_UNREACHABLE_CODE = YES;
				CLANG_WARN__DUPLICATE_METHOD_MATCH = YES;
				COPY_PHASE_STRIP = NO;
				DEBUG_INFORMATION_FORMAT = "dwarf-with-dsym";
				ENABLE_NS_ASSERTIONS = NO;
				ENABLE_STRICT_OBJC_MSGSEND = YES;
				GCC_C_LANGUAGE_STANDARD = gnu11;
				GCC_NO_COMMON_BLOCKS = YES;
				GCC_WARN_64_TO_32_BIT_CONVERSION = YES;
				GCC_WARN_ABOUT_RETURN_TYPE = YES_ERROR;
				GCC_WARN_UNDECLARED_SELECTOR = YES;
				GCC_WARN_UNINITIALIZED_AUTOS = YES_AGGRESSIVE;
				GCC_WARN_UNUSED_FUNCTION = YES;
				GCC_WARN_UNUSED_VARIABLE = YES;
				IPHONEOS_DEPLOYMENT_TARGET = 14.5;
				MTL_ENABLE_DEBUG_INFO = NO;
				MTL_FAST_MATH = YES;
				SDKROOT = iphoneos;
				SWIFT_COMPILATION_MODE = wholemodule;
				SWIFT_OPTIMIZATION_LEVEL = "-O";
				VALIDATE_PRODUCT = YES;
			};
			name = Release;
		};
		BD790FD7272006360043EBBA /* Debug */ = {
			isa = XCBuildConfiguration;
			baseConfigurationReference = 6EB3BD819BF8FA8E584A04CB /* Pods-Parstagram.debug.xcconfig */;
			buildSettings = {
				ASSETCATALOG_COMPILER_APPICON_NAME = AppIcon;
				ASSETCATALOG_COMPILER_GLOBAL_ACCENT_COLOR_NAME = AccentColor;
				CODE_SIGN_STYLE = Automatic;
				INFOPLIST_FILE = Parstagram/Info.plist;
				LD_RUNPATH_SEARCH_PATHS = (
					"$(inherited)",
					"@executable_path/Frameworks",
				);
				PRODUCT_BUNDLE_IDENTIFIER = tsugita.Parstagram;
				PRODUCT_NAME = "$(TARGET_NAME)";
				SWIFT_VERSION = 5.0;
				TARGETED_DEVICE_FAMILY = "1,2";
			};
			name = Debug;
		};
		BD790FD8272006360043EBBA /* Release */ = {
			isa = XCBuildConfiguration;
			baseConfigurationReference = 9D52470E0C94C6A899A3D1BF /* Pods-Parstagram.release.xcconfig */;
			buildSettings = {
				ASSETCATALOG_COMPILER_APPICON_NAME = AppIcon;
				ASSETCATALOG_COMPILER_GLOBAL_ACCENT_COLOR_NAME = AccentColor;
				CODE_SIGN_STYLE = Automatic;
				INFOPLIST_FILE = Parstagram/Info.plist;
				LD_RUNPATH_SEARCH_PATHS = (
					"$(inherited)",
					"@executable_path/Frameworks",
				);
				PRODUCT_BUNDLE_IDENTIFIER = tsugita.Parstagram;
				PRODUCT_NAME = "$(TARGET_NAME)";
				SWIFT_VERSION = 5.0;
				TARGETED_DEVICE_FAMILY = "1,2";
			};
			name = Release;
		};
		BD790FDA272006360043EBBA /* Debug */ = {
			isa = XCBuildConfiguration;
			baseConfigurationReference = 99FA49511C865502610521A4 /* Pods-ParstagramTests.debug.xcconfig */;
			buildSettings = {
				ALWAYS_EMBED_SWIFT_STANDARD_LIBRARIES = YES;
				BUNDLE_LOADER = "$(TEST_HOST)";
				CODE_SIGN_STYLE = Automatic;
				INFOPLIST_FILE = ParstagramTests/Info.plist;
				IPHONEOS_DEPLOYMENT_TARGET = 14.5;
				LD_RUNPATH_SEARCH_PATHS = (
					"$(inherited)",
					"@executable_path/Frameworks",
					"@loader_path/Frameworks",
				);
				PRODUCT_BUNDLE_IDENTIFIER = tsugita.ParstagramTests;
				PRODUCT_NAME = "$(TARGET_NAME)";
				SWIFT_VERSION = 5.0;
				TARGETED_DEVICE_FAMILY = "1,2";
				TEST_HOST = "$(BUILT_PRODUCTS_DIR)/Parstagram.app/Parstagram";
			};
			name = Debug;
		};
		BD790FDB272006360043EBBA /* Release */ = {
			isa = XCBuildConfiguration;
			baseConfigurationReference = 2F32EE31C6499F513FE209FC /* Pods-ParstagramTests.release.xcconfig */;
			buildSettings = {
				ALWAYS_EMBED_SWIFT_STANDARD_LIBRARIES = YES;
				BUNDLE_LOADER = "$(TEST_HOST)";
				CODE_SIGN_STYLE = Automatic;
				INFOPLIST_FILE = ParstagramTests/Info.plist;
				IPHONEOS_DEPLOYMENT_TARGET = 14.5;
				LD_RUNPATH_SEARCH_PATHS = (
					"$(inherited)",
					"@executable_path/Frameworks",
					"@loader_path/Frameworks",
				);
				PRODUCT_BUNDLE_IDENTIFIER = tsugita.ParstagramTests;
				PRODUCT_NAME = "$(TARGET_NAME)";
				SWIFT_VERSION = 5.0;
				TARGETED_DEVICE_FAMILY = "1,2";
				TEST_HOST = "$(BUILT_PRODUCTS_DIR)/Parstagram.app/Parstagram";
			};
			name = Release;
		};
		BD790FDD272006360043EBBA /* Debug */ = {
			isa = XCBuildConfiguration;
			baseConfigurationReference = BA3F36D359635DD5EC37596D /* Pods-Parstagram-ParstagramUITests.debug.xcconfig */;
			buildSettings = {
				ALWAYS_EMBED_SWIFT_STANDARD_LIBRARIES = YES;
				CODE_SIGN_STYLE = Automatic;
				INFOPLIST_FILE = ParstagramUITests/Info.plist;
				LD_RUNPATH_SEARCH_PATHS = (
					"$(inherited)",
					"@executable_path/Frameworks",
					"@loader_path/Frameworks",
				);
				PRODUCT_BUNDLE_IDENTIFIER = tsugita.ParstagramUITests;
				PRODUCT_NAME = "$(TARGET_NAME)";
				SWIFT_VERSION = 5.0;
				TARGETED_DEVICE_FAMILY = "1,2";
				TEST_TARGET_NAME = Parstagram;
			};
			name = Debug;
		};
		BD790FDE272006360043EBBA /* Release */ = {
			isa = XCBuildConfiguration;
			baseConfigurationReference = CC82E1BDFCF186FCBB8FD83F /* Pods-Parstagram-ParstagramUITests.release.xcconfig */;
			buildSettings = {
				ALWAYS_EMBED_SWIFT_STANDARD_LIBRARIES = YES;
				CODE_SIGN_STYLE = Automatic;
				INFOPLIST_FILE = ParstagramUITests/Info.plist;
				LD_RUNPATH_SEARCH_PATHS = (
					"$(inherited)",
					"@executable_path/Frameworks",
					"@loader_path/Frameworks",
				);
				PRODUCT_BUNDLE_IDENTIFIER = tsugita.ParstagramUITests;
				PRODUCT_NAME = "$(TARGET_NAME)";
				SWIFT_VERSION = 5.0;
				TARGETED_DEVICE_FAMILY = "1,2";
				TEST_TARGET_NAME = Parstagram;
			};
			name = Release;
		};
/* End XCBuildConfiguration section */

/* Begin XCConfigurationList section */
		BD790FA7272006340043EBBA /* Build configuration list for PBXProject "Parstagram" */ = {
			isa = XCConfigurationList;
			buildConfigurations = (
				BD790FD4272006360043EBBA /* Debug */,
				BD790FD5272006360043EBBA /* Release */,
			);
			defaultConfigurationIsVisible = 0;
			defaultConfigurationName = Release;
		};
		BD790FD6272006360043EBBA /* Build configuration list for PBXNativeTarget "Parstagram" */ = {
			isa = XCConfigurationList;
			buildConfigurations = (
				BD790FD7272006360043EBBA /* Debug */,
				BD790FD8272006360043EBBA /* Release */,
			);
			defaultConfigurationIsVisible = 0;
			defaultConfigurationName = Release;
		};
		BD790FD9272006360043EBBA /* Build configuration list for PBXNativeTarget "ParstagramTests" */ = {
			isa = XCConfigurationList;
			buildConfigurations = (
				BD790FDA272006360043EBBA /* Debug */,
				BD790FDB272006360043EBBA /* Release */,
			);
			defaultConfigurationIsVisible = 0;
			defaultConfigurationName = Release;
		};
		BD790FDC272006360043EBBA /* Build configuration list for PBXNativeTarget "ParstagramUITests" */ = {
			isa = XCConfigurationList;
			buildConfigurations = (
				BD790FDD272006360043EBBA /* Debug */,
				BD790FDE272006360043EBBA /* Release */,
			);
			defaultConfigurationIsVisible = 0;
			defaultConfigurationName = Release;
		};
/* End XCConfigurationList section */
	};
	rootObject = BD790FA4272006340043EBBA /* Project object */;
}
